
Microsoft Visual Studio Solution File, Format Version 12.00
# Visual Studio Version 17
VisualStudioVersion = 17.5.33516.290
MinimumVisualStudioVersion = 10.0.40219.1
Project("{9A19103F-16F7-4668-BE54-9A1E7A4F7556}") = "MyAppWeb", "MyAppWeb\MyAppWeb.csproj", "{5E849CD6-9F2E-484D-9E6C-D561CB2B3B1A}"
EndProject
Project("{FAE04EC0-301F-11D3-BF4B-00C04F79EFBC}") = "MyApp.Models", "MyApp.Models\MyApp.Models.csproj", "{D2E45B22-2C2A-462B-BFBE-0D63C85C1570}"
EndProject
Project("{FAE04EC0-301F-11D3-BF4B-00C04F79EFBC}") = "MyApp.DataAccessLayer", "MyApp.DataAccessLayer\MyApp.DataAccessLayer.csproj", "{2A54F49E-E5D3-4671-87CA-3F979E4398E4}"
EndProject
Global
	GlobalSection(SolutionConfigurationPlatforms) = preSolution
		Debug|Any CPU = Debug|Any CPU
		Release|Any CPU = Release|Any CPU
	EndGlobalSection
	GlobalSection(ProjectConfigurationPlatforms) = postSolution
		{5E849CD6-9F2E-484D-9E6C-D561CB2B3B1A}.Debug|Any CPU.ActiveCfg = Debug|Any CPU
		{5E849CD6-9F2E-484D-9E6C-D561CB2B3B1A}.Debug|Any CPU.Build.0 = Debug|Any CPU
		{5E849CD6-9F2E-484D-9E6C-D561CB2B3B1A}.Release|Any CPU.ActiveCfg = Release|Any CPU
		{5E849CD6-9F2E-484D-9E6C-D561CB2B3B1A}.Release|Any CPU.Build.0 = Release|Any CPU
		{D2E45B22-2C2A-462B-BFBE-0D63C85C1570}.Debug|Any CPU.ActiveCfg = Debug|Any CPU
		{D2E45B22-2C2A-462B-BFBE-0D63C85C1570}.Debug|Any CPU.Build.0 = Debug|Any CPU
		{D2E45B22-2C2A-462B-BFBE-0D63C85C1570}.Release|Any CPU.ActiveCfg = Release|Any CPU
		{D2E45B22-2C2A-462B-BFBE-0D63C85C1570}.Release|Any CPU.Build.0 = Release|Any CPU
		{2A54F49E-E5D3-4671-87CA-3F979E4398E4}.Debug|Any CPU.ActiveCfg = Debug|Any CPU
		{2A54F49E-E5D3-4671-87CA-3F979E4398E4}.Debug|Any CPU.Build.0 = Debug|Any CPU
		{2A54F49E-E5D3-4671-87CA-3F979E4398E4}.Release|Any CPU.ActiveCfg = Release|Any CPU
		{2A54F49E-E5D3-4671-87CA-3F979E4398E4}.Release|Any CPU.Build.0 = Release|Any CPU
	EndGlobalSection
	GlobalSection(SolutionProperties) = preSolution
		HideSolutionNode = FALSE
	EndGlobalSection
	GlobalSection(ExtensibilityGlobals) = postSolution
		SolutionGuid = {0E030996-A081-4816-AEF4-BEDBBE04890F}
	EndGlobalSection
EndGlobal
